
Microsoft Visual Studio Solution File, Format Version 12.00
# Visual Studio Version 17
VisualStudioVersion = 17.11.35312.102
MinimumVisualStudioVersion = 10.0.40219.1
Project("{8BC9CEB8-8B4A-11D0-8D11-00A0C91BC942}") = "Banking AssesmentV2", "Banking AssesmentV2\Banking AssesmentV2.vcxproj", "{CA65FB7F-E3E6-40D8-8AFB-954E4D72EE68}"
EndProject
Project("{2150E333-8FDC-42A3-9474-1A3956D46DE8}") = "Solution Items", "Solution Items", "{3631002C-C380-4B1D-A2EE-C19A975619D4}"
EndProject
Global
	GlobalSection(SolutionConfigurationPlatforms) = preSolution
		Debug|x64 = Debug|x64
		Debug|x86 = Debug|x86
		Release|x64 = Release|x64
		Release|x86 = Release|x86
	EndGlobalSection
	GlobalSection(ProjectConfigurationPlatforms) = postSolution
		{CA65FB7F-E3E6-40D8-8AFB-954E4D72EE68}.Debug|x64.ActiveCfg = Debug|x64
		{CA65FB7F-E3E6-40D8-8AFB-954E4D72EE68}.Debug|x64.Build.0 = Debug|x64
		{CA65FB7F-E3E6-40D8-8AFB-954E4D72EE68}.Debug|x86.ActiveCfg = Debug|Win32
		{CA65FB7F-E3E6-40D8-8AFB-954E4D72EE68}.Debug|x86.Build.0 = Debug|Win32
		{CA65FB7F-E3E6-40D8-8AFB-954E4D72EE68}.Release|x64.ActiveCfg = Release|x64
		{CA65FB7F-E3E6-40D8-8AFB-954E4D72EE68}.Release|x64.Build.0 = Release|x64
		{CA65FB7F-E3E6-40D8-8AFB-954E4D72EE68}.Release|x86.ActiveCfg = Release|Win32
		{CA65FB7F-E3E6-40D8-8AFB-954E4D72EE68}.Release|x86.Build.0 = Release|Win32
	EndGlobalSection
	GlobalSection(SolutionProperties) = preSolution
		HideSolutionNode = FALSE
	EndGlobalSection
	GlobalSection(ExtensibilityGlobals) = postSolution
		SolutionGuid = {753FF47A-CC07-4B98-9E89-D9CAFB219EB1}
	EndGlobalSection
EndGlobal
